	<Project xmlns="http://schemas.microsoft.com/developer/msbuild/2003">
		<PropertyGroup>
			<ProjectGuid>{6E678892-EFC0-42B2-8601-EAD80B944680}</ProjectGuid>
			<MainSource>store.dpr</MainSource>
			<Config Condition="'$(Config)'==''">Debug</Config>
			<DCC_DCCCompiler>DCC32</DCC_DCCCompiler>
			<ProjectVersion>12.0</ProjectVersion>
		</PropertyGroup>
		<PropertyGroup Condition="'$(Config)'=='Base' or '$(Base)'!=''">
			<Base>true</Base>
		</PropertyGroup>
		<PropertyGroup Condition="'$(Config)'=='Release' or '$(Cfg_1)'!=''">
			<Cfg_1>true</Cfg_1>
			<CfgParent>Base</CfgParent>
			<Base>true</Base>
		</PropertyGroup>
		<PropertyGroup Condition="'$(Config)'=='Debug' or '$(Cfg_2)'!=''">
			<Cfg_2>true</Cfg_2>
			<CfgParent>Base</CfgParent>
			<Base>true</Base>
		</PropertyGroup>
		<PropertyGroup Condition="'$(Base)'!=''">
			<DCC_ImageBase>00400000</DCC_ImageBase>
			<DCC_UsePackage>vcl;rtl;vclx;indy;inet;xmlrtl;vclie;inetdbbde;inetdbxpress;dbrtl;dsnap;dsnapcon;vcldb;soaprtl;VclSmp;dbexpress;dbxcds;inetdb;bdertl;vcldbx;webdsnap;websnap;adortl;ibxpress;teeui;teedb;tee;dss;visualclx;visualdbclx;vclactnband;vclshlctrls;IntrawebDB_50_70;Intraweb_50_70;Rave50CLX;Rave50VCL;dclOfficeXP;ZTV70RT;dxBarD7;dxComnD7;dxBarDBNavD7;dxBarExtItemsD7;dxBarExtDBItemsD7;dxsbD7;dxMasterViewD7;dxPageControlD7;dxEdtrD7;EQTLD7;ECQDBCD7;EQDBTLD7;EQGridD7;dxGrEdD7;dxExELD7;dxELibD7;dxmdsD7;dxdbtrD7;dxtrmdD7</DCC_UsePackage>
			<DebugSourcePath>D:\work\компоненты\PDJXPPack\;$(DebugSourcePath)</DebugSourcePath>
			<DCC_UnitAlias>WinTypes=Windows;WinProcs=Windows;DbiTypes=BDE;DbiProcs=BDE;DbiErrs=BDE;$(DCC_UnitAlias)</DCC_UnitAlias>
			<DCC_Platform>x86</DCC_Platform>
			<DCC_DependencyCheckOutputName>store.exe</DCC_DependencyCheckOutputName>
			<DCC_K>false</DCC_K>
			<DCC_N>true</DCC_N>
			<DCC_S>false</DCC_S>
			<DCC_E>false</DCC_E>
			<DCC_F>false</DCC_F>
		</PropertyGroup>
		<PropertyGroup Condition="'$(Cfg_1)'!=''">
			<DCC_LocalDebugSymbols>false</DCC_LocalDebugSymbols>
			<DCC_Define>RELEASE;$(DCC_Define)</DCC_Define>
			<DCC_SymbolReferenceInfo>0</DCC_SymbolReferenceInfo>
			<DCC_DebugInformation>false</DCC_DebugInformation>
		</PropertyGroup>
		<PropertyGroup Condition="'$(Cfg_2)'!=''">
			<DCC_Define>DEBUG;$(DCC_Define)</DCC_Define>
		</PropertyGroup>
		<ItemGroup>
			<DelphiCompile Include="store.dpr">
				<MainSource>MainSource</MainSource>
			</DelphiCompile>
			<DCCReference Include="MainUnit.pas">
				<Form>mainform</Form>
			</DCCReference>
			<DCCReference Include="DmUnit.pas">
				<Form>dm</Form>
				<DesignClass>TDataModule</DesignClass>
			</DCCReference>
			<DCCReference Include="clientlist.pas">
				<Form>Form5</Form>
			</DCCReference>
			<DCCReference Include="ImgStartUnit.pas">
				<Form>ImgStartForm</Form>
			</DCCReference>
			<DCCReference Include="PriceUnit.pas">
				<Form>price</Form>
			</DCCReference>
			<DCCReference Include="PricePosUnit.pas">
				<Form>packpos</Form>
			</DCCReference>
			<DCCReference Include="FlyListUnit.pas">
				<Form>flyform</Form>
			</DCCReference>
			<DCCReference Include="BagPosUnit.pas">
				<Form>bagpos</Form>
			</DCCReference>
			<DCCReference Include="NewFlyUnit.pas">
				<Form>newfly</Form>
			</DCCReference>
			<DCCReference Include="AddPackingUnit.pas">
				<Form>addpackingform</Form>
			</DCCReference>
			<DCCReference Include="setformunit.pas">
				<Form>setform</Form>
			</DCCReference>
			<DCCReference Include="EnterUnit.pas">
				<Form>EnterUnit</Form>
			</DCCReference>
			<DCCReference Include="ImportUnit.pas">
				<Form>importform</Form>
			</DCCReference>
			<DCCReference Include="CnvUnit.pas">
				<Form>cnvform</Form>
			</DCCReference>
			<DCCReference Include="WaitTransListUnit.pas">
				<Form>waittransportf</Form>
			</DCCReference>
			<DCCReference Include="ZaklListUnit.pas">
				<Form>zakl</Form>
			</DCCReference>
			<DCCReference Include="NewZaklUnit.pas">
				<Form>zaklpos</Form>
			</DCCReference>
			<DCCReference Include="AddZaklUnit.pas">
				<Form>addzakl</Form>
			</DCCReference>
			<DCCReference Include="ShowColumnUnit.pas">
				<Form>choosefield</Form>
			</DCCReference>
			<DCCReference Include="newconfunit.pas">
				<Form>newconf</Form>
			</DCCReference>
			<DCCReference Include="translateunit.pas">
				<Form>translateform</Form>
			</DCCReference>
			<DCCReference Include="packetform_unit.pas">
				<Form>packetform</Form>
			</DCCReference>
			<DCCReference Include="LoadUnit.pas">
				<Form>showform</Form>
			</DCCReference>
			<DCCReference Include="Unit17.pas">
				<Form>packingform</Form>
			</DCCReference>
			<DCCReference Include="funcUnit.pas"/>
			<DCCReference Include="selectperiodunit.pas">
				<Form>selectPeriod</Form>
			</DCCReference>
			<DCCReference Include="oemcodevokb.pas">
				<Form>oemcodevocb</Form>
			</DCCReference>
			<BuildConfiguration Include="Base">
				<Key>Base</Key>
			</BuildConfiguration>
			<BuildConfiguration Include="Debug">
				<Key>Cfg_2</Key>
				<CfgParent>Base</CfgParent>
			</BuildConfiguration>
			<BuildConfiguration Include="Release">
				<Key>Cfg_1</Key>
				<CfgParent>Base</CfgParent>
			</BuildConfiguration>
		</ItemGroup>
		<Import Project="$(BDS)\Bin\CodeGear.Delphi.Targets" Condition="Exists('$(BDS)\Bin\CodeGear.Delphi.Targets')"/>
		<ProjectExtensions>
			<Borland.Personality>Delphi.Personality.12</Borland.Personality>
			<Borland.ProjectType>VCLApplication</Borland.ProjectType>
			<BorlandProject>
				<Delphi.Personality>
					<Source>
						<Source Name="MainSource">store.dpr</Source>
					</Source>
					<Parameters>
						<Parameters Name="UseLauncher">False</Parameters>
						<Parameters Name="LoadAllSymbols">True</Parameters>
						<Parameters Name="LoadUnspecifiedSymbols">False</Parameters>
					</Parameters>
					<VersionInfo>
						<VersionInfo Name="IncludeVerInfo">False</VersionInfo>
						<VersionInfo Name="AutoIncBuild">False</VersionInfo>
						<VersionInfo Name="MajorVer">1</VersionInfo>
						<VersionInfo Name="MinorVer">0</VersionInfo>
						<VersionInfo Name="Release">0</VersionInfo>
						<VersionInfo Name="Build">0</VersionInfo>
						<VersionInfo Name="Debug">False</VersionInfo>
						<VersionInfo Name="PreRelease">False</VersionInfo>
						<VersionInfo Name="Special">False</VersionInfo>
						<VersionInfo Name="Private">False</VersionInfo>
						<VersionInfo Name="DLL">False</VersionInfo>
						<VersionInfo Name="Locale">1049</VersionInfo>
						<VersionInfo Name="CodePage">1251</VersionInfo>
					</VersionInfo>
					<VersionInfoKeys>
						<VersionInfoKeys Name="CompanyName"/>
						<VersionInfoKeys Name="FileDescription"/>
						<VersionInfoKeys Name="FileVersion">1.0.0.0</VersionInfoKeys>
						<VersionInfoKeys Name="InternalName"/>
						<VersionInfoKeys Name="LegalCopyright"/>
						<VersionInfoKeys Name="LegalTrademarks"/>
						<VersionInfoKeys Name="OriginalFilename"/>
						<VersionInfoKeys Name="ProductName"/>
						<VersionInfoKeys Name="ProductVersion">1.0.0.0</VersionInfoKeys>
						<VersionInfoKeys Name="Comments"/>
					</VersionInfoKeys>
					<Excluded_Packages>
						<Excluded_Packages Name="$(BDS)\bin\dcloffice2k120.bpl">Microsoft Office 2000 Sample Automation Server Wrapper Components</Excluded_Packages>
						<Excluded_Packages Name="$(BDS)\bin\dclofficexp120.bpl">Microsoft Office XP Sample Automation Server Wrapper Components</Excluded_Packages>
					</Excluded_Packages>
				</Delphi.Personality>
				<ModelSupport>False</ModelSupport>
			</BorlandProject>
			<ProjectFileVersion>12</ProjectFileVersion>
		</ProjectExtensions>
	</Project>
